
Microsoft Visual Studio Solution File, Format Version 12.00
Project("{FAE04EC0-301F-11D3-BF4B-00C04F79EFBC}") = "monpirtest", "monpirtest\monpirtest.csproj", "{B04B4FFD-57DF-4863-ACA1-DD77385B88D5}"
EndProject
Global
	GlobalSection(SolutionConfigurationPlatforms) = preSolution
		Debug|Any CPU = Debug|Any CPU
		Release|Any CPU = Release|Any CPU
	EndGlobalSection
	GlobalSection(ProjectConfigurationPlatforms) = postSolution
		{B04B4FFD-57DF-4863-ACA1-DD77385B88D5}.Debug|Any CPU.ActiveCfg = Debug|Any CPU
		{B04B4FFD-57DF-4863-ACA1-DD77385B88D5}.Debug|Any CPU.Build.0 = Debug|Any CPU
		{B04B4FFD-57DF-4863-ACA1-DD77385B88D5}.Release|Any CPU.ActiveCfg = Release|Any CPU
		{B04B4FFD-57DF-4863-ACA1-DD77385B88D5}.Release|Any CPU.Build.0 = Release|Any CPU
	EndGlobalSection
EndGlobal
